
Microsoft Visual Studio Solution File, Format Version 12.00
# Visual Studio Version 17
VisualStudioVersion = 17.13.35913.81 d17.13
MinimumVisualStudioVersion = 10.0.40219.1
Project("{FAE04EC0-301F-11D3-BF4B-00C04F79EFBC}") = "Carrito_S6", "Carrito_S6\Carrito_S6.csproj", "{A4B8254D-DBBE-425E-95D9-2CD404500D57}"
EndProject
Global
	GlobalSection(SolutionConfigurationPlatforms) = preSolution
		Debug|Any CPU = Debug|Any CPU
		Release|Any CPU = Release|Any CPU
	EndGlobalSection
	GlobalSection(ProjectConfigurationPlatforms) = postSolution
		{A4B8254D-DBBE-425E-95D9-2CD404500D57}.Debug|Any CPU.ActiveCfg = Debug|Any CPU
		{A4B8254D-DBBE-425E-95D9-2CD404500D57}.Debug|Any CPU.Build.0 = Debug|Any CPU
		{A4B8254D-DBBE-425E-95D9-2CD404500D57}.Release|Any CPU.ActiveCfg = Release|Any CPU
		{A4B8254D-DBBE-425E-95D9-2CD404500D57}.Release|Any CPU.Build.0 = Release|Any CPU
	EndGlobalSection
	GlobalSection(SolutionProperties) = preSolution
		HideSolutionNode = FALSE
	EndGlobalSection
	GlobalSection(ExtensibilityGlobals) = postSolution
		SolutionGuid = {8FED1818-61CB-413D-A64E-B66C9997E998}
	EndGlobalSection
EndGlobal
